
Microsoft Visual Studio Solution File, Format Version 12.00
Project("{FAE04EC0-301F-11D3-BF4B-00C04F79EFBC}") = "EFCoreDemo1", "EFCoreDemo1\EFCoreDemo1.csproj", "{EEF9D54A-F82C-4921-8D67-9091C51792FE}"
EndProject
Project("{FAE04EC0-301F-11D3-BF4B-00C04F79EFBC}") = "EFCoreScaffoldMigration", "EFCoreScaffoldMigration\EFCoreScaffoldMigration.csproj", "{0125908D-5F00-4D3B-B6F1-D123AB3DF807}"
EndProject
Project("{FAE04EC0-301F-11D3-BF4B-00C04F79EFBC}") = "EFCore1VN", "EFCore1VN\EFCore1VN.csproj", "{E09B80D4-906B-4427-80CE-82751FECCEE1}"
EndProject
Global
	GlobalSection(SolutionConfigurationPlatforms) = preSolution
		Debug|Any CPU = Debug|Any CPU
		Release|Any CPU = Release|Any CPU
	EndGlobalSection
	GlobalSection(ProjectConfigurationPlatforms) = postSolution
		{EEF9D54A-F82C-4921-8D67-9091C51792FE}.Debug|Any CPU.ActiveCfg = Debug|Any CPU
		{EEF9D54A-F82C-4921-8D67-9091C51792FE}.Debug|Any CPU.Build.0 = Debug|Any CPU
		{EEF9D54A-F82C-4921-8D67-9091C51792FE}.Release|Any CPU.ActiveCfg = Release|Any CPU
		{EEF9D54A-F82C-4921-8D67-9091C51792FE}.Release|Any CPU.Build.0 = Release|Any CPU
		{0125908D-5F00-4D3B-B6F1-D123AB3DF807}.Debug|Any CPU.ActiveCfg = Debug|Any CPU
		{0125908D-5F00-4D3B-B6F1-D123AB3DF807}.Debug|Any CPU.Build.0 = Debug|Any CPU
		{0125908D-5F00-4D3B-B6F1-D123AB3DF807}.Release|Any CPU.ActiveCfg = Release|Any CPU
		{0125908D-5F00-4D3B-B6F1-D123AB3DF807}.Release|Any CPU.Build.0 = Release|Any CPU
		{E09B80D4-906B-4427-80CE-82751FECCEE1}.Debug|Any CPU.ActiveCfg = Debug|Any CPU
		{E09B80D4-906B-4427-80CE-82751FECCEE1}.Debug|Any CPU.Build.0 = Debug|Any CPU
		{E09B80D4-906B-4427-80CE-82751FECCEE1}.Release|Any CPU.ActiveCfg = Release|Any CPU
		{E09B80D4-906B-4427-80CE-82751FECCEE1}.Release|Any CPU.Build.0 = Release|Any CPU
	EndGlobalSection
EndGlobal
